
Microsoft Visual Studio Solution File, Format Version 12.00
# Visual Studio Version 17
VisualStudioVersion = 17.11.35312.102
MinimumVisualStudioVersion = 10.0.40219.1
Project("{FAE04EC0-301F-11D3-BF4B-00C04F79EFBC}") = "film-app-project-code-ali", "film-app-project-code-ali.csproj", "{3CA508BD-F23E-44EA-ABA2-BD704ABCFAC6}"
EndProject
Global
	GlobalSection(SolutionConfigurationPlatforms) = preSolution
		Debug|Any CPU = Debug|Any CPU
		Release|Any CPU = Release|Any CPU
	EndGlobalSection
	GlobalSection(ProjectConfigurationPlatforms) = postSolution
		{3CA508BD-F23E-44EA-ABA2-BD704ABCFAC6}.Debug|Any CPU.ActiveCfg = Debug|Any CPU
		{3CA508BD-F23E-44EA-ABA2-BD704ABCFAC6}.Debug|Any CPU.Build.0 = Debug|Any CPU
		{3CA508BD-F23E-44EA-ABA2-BD704ABCFAC6}.Release|Any CPU.ActiveCfg = Release|Any CPU
		{3CA508BD-F23E-44EA-ABA2-BD704ABCFAC6}.Release|Any CPU.Build.0 = Release|Any CPU
	EndGlobalSection
	GlobalSection(SolutionProperties) = preSolution
		HideSolutionNode = FALSE
	EndGlobalSection
	GlobalSection(ExtensibilityGlobals) = postSolution
		SolutionGuid = {D533574C-3D2A-4B32-8F5E-EF8100BCE55E}
	EndGlobalSection
EndGlobal
